
Microsoft Visual Studio Solution File, Format Version 12.00
# Visual Studio 15
VisualStudioVersion = 15.0.27004.2005
MinimumVisualStudioVersion = 10.0.40219.1
Project("{FAE04EC0-301F-11D3-BF4B-00C04F79EFBC}") = "CSGOClient", "CSGOClient\CSGOClient.csproj", "{A57B09A0-03FC-4EC9-8319-51BDDC173C6B}"
EndProject
Project("{FAE04EC0-301F-11D3-BF4B-00C04F79EFBC}") = "Models", "..\..\WebApp\CSGOWebApp\Models\Models.csproj", "{AF97EF34-5A37-4BE6-A4E6-E7050499F4E2}"
EndProject
Project("{FAE04EC0-301F-11D3-BF4B-00C04F79EFBC}") = "RepositoryPattern", "..\..\WebApp\CSGOWebApp\RepositoryPattern\RepositoryPattern.csproj", "{07B813E3-D87E-4C4B-A59F-12229188BDFA}"
EndProject
Global
	GlobalSection(SolutionConfigurationPlatforms) = preSolution
		Debug|Any CPU = Debug|Any CPU
		Release|Any CPU = Release|Any CPU
	EndGlobalSection
	GlobalSection(ProjectConfigurationPlatforms) = postSolution
		{A57B09A0-03FC-4EC9-8319-51BDDC173C6B}.Debug|Any CPU.ActiveCfg = Debug|Any CPU
		{A57B09A0-03FC-4EC9-8319-51BDDC173C6B}.Debug|Any CPU.Build.0 = Debug|Any CPU
		{A57B09A0-03FC-4EC9-8319-51BDDC173C6B}.Release|Any CPU.ActiveCfg = Release|Any CPU
		{A57B09A0-03FC-4EC9-8319-51BDDC173C6B}.Release|Any CPU.Build.0 = Release|Any CPU
		{AF97EF34-5A37-4BE6-A4E6-E7050499F4E2}.Debug|Any CPU.ActiveCfg = Debug|Any CPU
		{AF97EF34-5A37-4BE6-A4E6-E7050499F4E2}.Debug|Any CPU.Build.0 = Debug|Any CPU
		{AF97EF34-5A37-4BE6-A4E6-E7050499F4E2}.Release|Any CPU.ActiveCfg = Release|Any CPU
		{AF97EF34-5A37-4BE6-A4E6-E7050499F4E2}.Release|Any CPU.Build.0 = Release|Any CPU
		{07B813E3-D87E-4C4B-A59F-12229188BDFA}.Debug|Any CPU.ActiveCfg = Debug|Any CPU
		{07B813E3-D87E-4C4B-A59F-12229188BDFA}.Debug|Any CPU.Build.0 = Debug|Any CPU
		{07B813E3-D87E-4C4B-A59F-12229188BDFA}.Release|Any CPU.ActiveCfg = Release|Any CPU
		{07B813E3-D87E-4C4B-A59F-12229188BDFA}.Release|Any CPU.Build.0 = Release|Any CPU
	EndGlobalSection
	GlobalSection(SolutionProperties) = preSolution
		HideSolutionNode = FALSE
	EndGlobalSection
	GlobalSection(ExtensibilityGlobals) = postSolution
		SolutionGuid = {CC0B70F3-D827-468F-B6CE-BDE703DBDFA8}
	EndGlobalSection
EndGlobal
